
Microsoft Visual Studio Solution File, Format Version 12.00
# Visual Studio 15
VisualStudioVersion = 15.0.28307.329
MinimumVisualStudioVersion = 10.0.40219.1
Project("{FAE04EC0-301F-11D3-BF4B-00C04F79EFBC}") = "CarRental", "CarRental\CarRental.csproj", "{775980D9-A4CB-46A7-8900-92DCA57EADB8}"
EndProject
Project("{FAE04EC0-301F-11D3-BF4B-00C04F79EFBC}") = "DataAccess", "DataAccess\DataAccess.csproj", "{7BABD772-4361-40C5-9672-0F8607E84855}"
EndProject
Project("{FAE04EC0-301F-11D3-BF4B-00C04F79EFBC}") = "Business", "Business\Business.csproj", "{A6B52EA1-3B24-472B-93D6-CFAE49013B58}"
EndProject
Global
	GlobalSection(SolutionConfigurationPlatforms) = preSolution
		Debug|Any CPU = Debug|Any CPU
		Release|Any CPU = Release|Any CPU
	EndGlobalSection
	GlobalSection(ProjectConfigurationPlatforms) = postSolution
		{775980D9-A4CB-46A7-8900-92DCA57EADB8}.Debug|Any CPU.ActiveCfg = Debug|Any CPU
		{775980D9-A4CB-46A7-8900-92DCA57EADB8}.Debug|Any CPU.Build.0 = Debug|Any CPU
		{775980D9-A4CB-46A7-8900-92DCA57EADB8}.Release|Any CPU.ActiveCfg = Release|Any CPU
		{775980D9-A4CB-46A7-8900-92DCA57EADB8}.Release|Any CPU.Build.0 = Release|Any CPU
		{7BABD772-4361-40C5-9672-0F8607E84855}.Debug|Any CPU.ActiveCfg = Debug|Any CPU
		{7BABD772-4361-40C5-9672-0F8607E84855}.Debug|Any CPU.Build.0 = Debug|Any CPU
		{7BABD772-4361-40C5-9672-0F8607E84855}.Release|Any CPU.ActiveCfg = Release|Any CPU
		{7BABD772-4361-40C5-9672-0F8607E84855}.Release|Any CPU.Build.0 = Release|Any CPU
		{A6B52EA1-3B24-472B-93D6-CFAE49013B58}.Debug|Any CPU.ActiveCfg = Debug|Any CPU
		{A6B52EA1-3B24-472B-93D6-CFAE49013B58}.Debug|Any CPU.Build.0 = Debug|Any CPU
		{A6B52EA1-3B24-472B-93D6-CFAE49013B58}.Release|Any CPU.ActiveCfg = Release|Any CPU
		{A6B52EA1-3B24-472B-93D6-CFAE49013B58}.Release|Any CPU.Build.0 = Release|Any CPU
	EndGlobalSection
	GlobalSection(SolutionProperties) = preSolution
		HideSolutionNode = FALSE
	EndGlobalSection
	GlobalSection(ExtensibilityGlobals) = postSolution
		SolutionGuid = {854C9332-C1AD-4E71-A042-D897B1407ED5}
	EndGlobalSection
EndGlobal
